hash: ee77ee6b6fb735c11845aba6f0939a5a5da31d745f7c18015313168360f68505
updated: 2019-01-27T19:41:10.9875-08:00
imports: []
testImports:
- name: github.com/DATA-DOG/godog
  version: 8fc6cc775bd552b357cc862ecb243038c783f2fe
  subpackages:
  - colors
  - gherkin
- name: github.com/davecgh/go-spew
  version: d8f796af33cc11cb798c1aaeb27a4ebc5099927d
  subpackages:
  - spew
- name: github.com/pmezard/go-difflib
  version: 5d4384ee4fb2527b0a1256a821ebfc92f91efefc
  subpackages:
  - difflib
- name: github.com/stretchr/testify
  version: 363ebb24d041ccea8068222281c2e963e997b9dc
  subpackages:
  - assert
